{
  "name": "shadowlist-utils",
  "version": "0.1.0",
  "lockfileVersion": 3,
  "requires": true,
  "packages": {
    "": {
      "name": "shadowlist-utils",
      "version": "0.1.0",
      "license": "MIT",
      "devDependencies": {
        "@types/react": "^19.2.17"
      },
      "peerDependencies": {
        "react": "*",
        "react-native": "*",
        "react-native-gesture-handler": "*",
        "react-native-reanimated": "*",
        "react-native-safe-area-context": "*",
        "shadowlist": "*"
      },
      "peerDependenciesMeta": {
        "react": {
          "optional": true
        },
        "react-native": {
          "optional": true
        },
        "react-native-gesture-handler": {
          "optional": true
        },
        "react-native-reanimated": {
          "optional": true
        },
        "react-native-safe-area-context": {
          "optional": true
        },
        "shadowlist": {
          "optional": true
        }
      }
    },
    "node_modules/@types/react": {
      "version": "19.2.17",
      "resolved": "https://registry.npmjs.org/@types/react/-/react-19.2.17.tgz",
      "integrity": "sha512-MXfmqaVPEVgkBT/aY0aGCkRWWtByiYQXo3xdQ8r5RzuFrPiRn8Gar2tQdXSUQ2GKV3bkXckek89V8wQBY2Q/Aw==",
      "dev": true,
      "license": "MIT",
      "dependencies": {
        "csstype": "^3.2.2"
      }
    },
    "node_modules/csstype": {
      "version": "3.2.3",
      "resolved": "https://registry.npmjs.org/csstype/-/csstype-3.2.3.tgz",
      "integrity": "sha512-z1HGKcYy2xA8AGQfwrn0PAy+PB7X/GSj3UVJW9qKyn43xWa+gl5nXmU4qqLMRzWVLFC8KusUX8T/0kCiOYpAIQ==",
      "dev": true,
      "license": "MIT"
    }
  }
}
